
Microsoft Visual Studio Solution File, Format Version 12.00
# Visual Studio Version 17
VisualStudioVersion = 17.10.35013.160
MinimumVisualStudioVersion = 10.0.40219.1
Project("{9A19103F-16F7-4668-BE54-9A1E7A4F7556}") = "SeaFightWinForms", "SeaFightWinForms.csproj", "{D36B5421-5437-4312-8159-E6023AC47176}"
EndProject
Project("{54435603-DBB4-11D2-8724-00A0C9A8B90C}") = "SeaFightWinFormsSetup", "..\SeaFightWinFormsSetup\SeaFightWinFormsSetup.vdproj", "{76B96DBC-6C89-4259-8B8F-DFB4692835A2}"
EndProject
Global
	GlobalSection(SolutionConfigurationPlatforms) = preSolution
		Debug|Any CPU = Debug|Any CPU
		Release|Any CPU = Release|Any CPU
	EndGlobalSection
	GlobalSection(ProjectConfigurationPlatforms) = postSolution
		{D36B5421-5437-4312-8159-E6023AC47176}.Debug|Any CPU.ActiveCfg = Debug|Any CPU
		{D36B5421-5437-4312-8159-E6023AC47176}.Debug|Any CPU.Build.0 = Debug|Any CPU
		{D36B5421-5437-4312-8159-E6023AC47176}.Release|Any CPU.ActiveCfg = Release|Any CPU
		{D36B5421-5437-4312-8159-E6023AC47176}.Release|Any CPU.Build.0 = Release|Any CPU
		{76B96DBC-6C89-4259-8B8F-DFB4692835A2}.Debug|Any CPU.ActiveCfg = Debug
		{76B96DBC-6C89-4259-8B8F-DFB4692835A2}.Release|Any CPU.ActiveCfg = Release
	EndGlobalSection
	GlobalSection(SolutionProperties) = preSolution
		HideSolutionNode = FALSE
	EndGlobalSection
	GlobalSection(ExtensibilityGlobals) = postSolution
		SolutionGuid = {27F13444-29BF-4411-99E0-A0C5EFC09BDB}
	EndGlobalSection
EndGlobal
